// !$*UTF8*$!
{
	archiveVersion = 1;
	classes = {
	};
	objectVersion = 46;
	objects = {

/* Begin PBXBuildFile section */
		BE8B04711E2F5AD3000B42E3 /* main.m in Sources */ = {isa = PBXBuildFile; fileRef = BE8B04701E2F5AD3000B42E3 /* main.m */; };
		BE8B04741E2F5AD3000B42E3 /* AppDelegate.m in Sources */ = {isa = PBXBuildFile; fileRef = BE8B04731E2F5AD3000B42E3 /* AppDelegate.m */; };
		BE8B047A1E2F5AD3000B42E3 /* Main.storyboard in Resources */ = {isa = PBXBuildFile; fileRef = BE8B04781E2F5AD3000B42E3 /* Main.storyboard */; };
		BE8B047C1E2F5AD3000B42E3 /* Assets.xcassets in Resources */ = {isa = PBXBuildFile; fileRef = BE8B047B1E2F5AD3000B42E3 /* Assets.xcassets */; };
		BE8B047F1E2F5AD3000B42E3 /* LaunchScreen.storyboard in Resources */ = {isa = PBXBuildFile; fileRef = BE8B047D1E2F5AD3000B42E3 /* LaunchScreen.storyboard */; };
		BE8B04881E2F5D3F000B42E3 /* RootViewController.m in Sources */ = {isa = PBXBuildFile; fileRef = BE8B04871E2F5D3F000B42E3 /* RootViewController.m */; };
/* End PBXBuildFile section */

/* Begin PBXFileReference section */
		BE8B046C1E2F5AD3000B42E3 /* CoreCorDemo.app */ = {isa = PBXFileReference; explicitFileType = wrapper.application; includeInIndex = 0; path = CoreCorDemo.app; sourceTree = BUILT_PRODUCTS_DIR; };
		BE8B04701E2F5AD3000B42E3 /* main.m */ = {isa = PBXFileReference; lastKnownFileType = sourcecode.c.objc; path = main.m; sourceTree = "<group>"; };
		BE8B04721E2F5AD3000B42E3 /* AppDelegate.h */ = {isa = PBXFileReference; lastKnownFileType = sourcecode.c.h; path = AppDelegate.h; sourceTree = "<group>"; };
		BE8B04731E2F5AD3000B42E3 /* AppDelegate.m */ = {isa = PBXFileReference; lastKnownFileType = sourcecode.c.objc; path = AppDelegate.m; sourceTree = "<group>"; };
		BE8B04791E2F5AD3000B42E3 /* Base */ = {isa = PBXFileReference; lastKnownFileType = file.storyboard; name = Base; path = Base.lproj/Main.storyboard; sourceTree = "<group>"; };
		BE8B047B1E2F5AD3000B42E3 /* Assets.xcassets */ = {isa = PBXFileReference; lastKnownFileType = folder.assetcatalog; path = Assets.xcassets; sourceTree = "<group>"; };
		BE8B047E1E2F5AD3000B42E3 /* Base */ = {isa = PBXFileReference; lastKnownFileType = file.storyboard; name = Base; path = Base.lproj/LaunchScreen.storyboard; sourceTree = "<group>"; };
		BE8B04801E2F5AD3000B42E3 /* Info.plist */ = {isa = PBXFileReference; lastKnownFileType = text.plist.xml; path = Info.plist; sourceTree = "<group>"; };
		BE8B04861E2F5D3F000B42E3 /* RootViewController.h */ = {isa = PBXFileReference; fileEncoding = 4; lastKnownFileType = sourcecode.c.h; path = RootViewController.h; sourceTree = "<group>"; };
		BE8B04871E2F5D3F000B42E3 /* RootViewController.m */ = {isa = PBXFileReference; fileEncoding = 4; lastKnownFileType = sourcecode.c.objc; path = RootViewController.m; sourceTree = "<group>"; };
/* End PBXFileReference section */

/* Begin PBXFrameworksBuildPhase section */
		BE8B04691E2F5AD3000B42E3 /* Frameworks */ = {
			isa = PBXFrameworksBuildPhase;
			buildActionMask = 2147483647;
			files = (
			);
			runOnlyForDeploymentPostprocessing = 0;
		};
/* End PBXFrameworksBuildPhase section */

/* Begin PBXGroup section */
		BE8B04631E2F5AD3000B42E3 = {
			isa = PBXGroup;
			children = (
				BE8B046E1E2F5AD3000B42E3 /* CoreCorDemo */,
				BE8B046D1E2F5AD3000B42E3 /* Products */,
			);
			sourceTree = "<group>";
		};
		BE8B046D1E2F5AD3000B42E3 /* Products */ = {
			isa = PBXGroup;
			children = (
				BE8B046C1E2F5AD3000B42E3 /* CoreCorDemo.app */,
			);
			name = Products;
			sourceTree = "<group>";
		};
		BE8B046E1E2F5AD3000B42E3 /* CoreCorDemo */ = {
			isa = PBXGroup;
			children = (
				BE8B04721E2F5AD3000B42E3 /* AppDelegate.h */,
				BE8B04731E2F5AD3000B42E3 /* AppDelegate.m */,
				BE8B04861E2F5D3F000B42E3 /* RootViewController.h */,
				BE8B04871E2F5D3F000B42E3 /* RootViewController.m */,
				BE8B04781E2F5AD3000B42E3 /* Main.storyboard */,
				BE8B047B1E2F5AD3000B42E3 /* Assets.xcassets */,
				BE8B047D1E2F5AD3000B42E3 /* LaunchScreen.storyboard */,
				BE8B04801E2F5AD3000B42E3 /* Info.plist */,
				BE8B046F1E2F5AD3000B42E3 /* Supporting Files */,
			);
			path = CoreCorDemo;
			sourceTree = "<group>";
		};
		BE8B046F1E2F5AD3000B42E3 /* Supporting Files */ = {
			isa = PBXGroup;
			children = (
				BE8B04701E2F5AD3000B42E3 /* main.m */,
			);
			name = "Supporting Files";
			sourceTree = "<group>";
		};
/* End PBXGroup section */

/* Begin PBXNativeTarget section */
		BE8B046B1E2F5AD3000B42E3 /* CoreCorDemo */ = {
			isa = PBXNativeTarget;
			buildConfigurationList = BE8B04831E2F5AD3000B42E3 /* Build configuration list for PBXNativeTarget "CoreCorDemo" */;
			buildPhases = (
				BE8B04681E2F5AD3000B42E3 /* Sources */,
				BE8B04691E2F5AD3000B42E3 /* Frameworks */,
				BE8B046A1E2F5AD3000B42E3 /* Resources */,
			);
			buildRules = (
			);
			dependencies = (
			);
			name = CoreCorDemo;
			productName = CoreCorDemo;
			productReference = BE8B046C1E2F5AD3000B42E3 /* CoreCorDemo.app */;
			productType = "com.apple.product-type.application";
		};
/* End PBXNativeTarget section */

/* Begin PBXProject section */
		BE8B04641E2F5AD3000B42E3 /* Project object */ = {
			isa = PBXProject;
			attributes = {
				LastUpgradeCheck = 0800;
				ORGANIZATIONNAME = jyk;
				TargetAttributes = {
					BE8B046B1E2F5AD3000B42E3 = {
						CreatedOnToolsVersion = 8.0;
						ProvisioningStyle = Automatic;
					};
				};
			};
			buildConfigurationList = BE8B04671E2F5AD3000B42E3 /* Build configuration list for PBXProject "CoreCorDemo" */;
			compatibilityVersion = "Xcode 3.2";
			developmentRegion = English;
			hasScannedForEncodings = 0;
			knownRegions = (
				en,
				Base,
			);
			mainGroup = BE8B04631E2F5AD3000B42E3;
			productRefGroup = BE8B046D1E2F5AD3000B42E3 /* Products */;
			projectDirPath = "";
			projectRoot = "";
			targets = (
				BE8B046B1E2F5AD3000B42E3 /* CoreCorDemo */,
			);
		};
/* End PBXProject section */

/* Begin PBXResourcesBuildPhase section */
		BE8B046A1E2F5AD3000B42E3 /* Resources */ = {
			isa = PBXResourcesBuildPhase;
			buildActionMask = 2147483647;
			files = (
				BE8B047F1E2F5AD3000B42E3 /* LaunchScreen.storyboard in Resources */,
				BE8B047C1E2F5AD3000B42E3 /* Assets.xcassets in Resources */,
				BE8B047A1E2F5AD3000B42E3 /* Main.storyboard in Resources */,
			);
			runOnlyForDeploymentPostprocessing = 0;
		};
/* End PBXResourcesBuildPhase section */

/* Begin PBXSourcesBuildPhase section */
		BE8B04681E2F5AD3000B42E3 /* Sources */ = {
			isa = PBXSourcesBuildPhase;
			buildActionMask = 2147483647;
			files = (
				BE8B04741E2F5AD3000B42E3 /* AppDelegate.m in Sources */,
				BE8B04881E2F5D3F000B42E3 /* RootViewController.m in Sources */,
				BE8B04711E2F5AD3000B42E3 /* main.m in Sources */,
			);
			runOnlyForDeploymentPostprocessing = 0;
		};
/* End PBXSourcesBuildPhase section */

/* Begin PBXVariantGroup section */
		BE8B04781E2F5AD3000B42E3 /* Main.storyboard */ = {
			isa = PBXVariantGroup;
			children = (
				BE8B04791E2F5AD3000B42E3 /* Base */,
			);
			name = Main.storyboard;
			sourceTree = "<group>";
		};
		BE8B047D1E2F5AD3000B42E3 /* LaunchScreen.storyboard */ = {
			isa = PBXVariantGroup;
			children = (
				BE8B047E1E2F5AD3000B42E3 /* Base */,
			);
			name = LaunchScreen.storyboard;
			sourceTree = "<group>";
		};
/* End PBXVariantGroup section */

/* Begin XCBuildConfiguration section */
		BE8B04811E2F5AD3000B42E3 /* Debug */ = {
			isa = XCBuildConfiguration;
			buildSettings = {
				ALWAYS_SEARCH_USER_PATHS = NO;
				CLANG_ANALYZER_NONNULL = YES;
				CLANG_CXX_LANGUAGE_STANDARD = "gnu++0x";
				CLANG_CXX_LIBRARY = "libc++";
				CLANG_ENABLE_MODULES = YES;
				CLANG_ENABLE_OBJC_ARC = YES;
				CLANG_WARN_BOOL_CONVERSION = YES;
				CLANG_WARN_CONSTANT_CONVERSION = YES;
				CLANG_WARN_DIRECT_OBJC_ISA_USAGE = YES_ERROR;
				CLANG_WARN_DOCUMENTATION_COMMENTS = YES;
				CLANG_WARN_EMPTY_BODY = YES;
				CLANG_WARN_ENUM_CONVERSION = YES;
				CLANG_WARN_INFINITE_RECURSION = YES;
				CLANG_WARN_INT_CONVERSION = YES;
				CLANG_WARN_OBJC_ROOT_CLASS = YES_ERROR;
				CLANG_WARN_SUSPICIOUS_MOVES = YES;
				CLANG_WARN_UNREACHABLE_CODE = YES;
				CLANG_WARN__DUPLICATE_METHOD_MATCH = YES;
				"CODE_SIGN_IDENTITY[sdk=iphoneos*]" = "iPhone Developer";
				COPY_PHASE_STRIP = NO;
				DEBUG_INFORMATION_FORMAT = dwarf;
				ENABLE_STRICT_OBJC_MSGSEND = YES;
				ENABLE_TESTABILITY = YES;
				GCC_C_LANGUAGE_STANDARD = gnu99;
				GCC_DYNAMIC_NO_PIC = NO;
				GCC_NO_COMMON_BLOCKS = YES;
				GCC_OPTIMIZATION_LEVEL = 0;
				GCC_PREPROCESSOR_DEFINITIONS = (
					"DEBUG=1",
					"$(inherited)",
				);
				GCC_WARN_64_TO_32_BIT_CONVERSION = YES;
				GCC_WARN_ABOUT_RETURN_TYPE = YES_ERROR;
				GCC_WARN_UNDECLARED_SELECTOR = YES;
				GCC_WARN_UNINITIALIZED_AUTOS = YES_AGGRESSIVE;
				GCC_WARN_UNUSED_FUNCTION = YES;
				GCC_WARN_UNUSED_VARIABLE = YES;
				IPHONEOS_DEPLOYMENT_TARGET = 10.0;
				MTL_ENABLE_DEBUG_INFO = YES;
				ONLY_ACTIVE_ARCH = YES;
				SDKROOT = iphoneos;
			};
			name = Debug;
		};
		BE8B04821E2F5AD3000B42E3 /* Release */ = {
			isa = XCBuildConfiguration;
			buildSettings = {
				ALWAYS_SEARCH_USER_PATHS = NO;
				CLANG_ANALYZER_NONNULL = YES;
				CLANG_CXX_LANGUAGE_STANDARD = "gnu++0x";
				CLANG_CXX_LIBRARY = "libc++";
				CLANG_ENABLE_MODULES = YES;
				CLANG_ENABLE_OBJC_ARC = YES;
				CLANG_WARN_BOOL_CONVERSION = YES;
				CLANG_WARN_CONSTANT_CONVERSION = YES;
				CLANG_WARN_DIRECT_OBJC_ISA_USAGE = YES_ERROR;
				CLANG_WARN_DOCUMENTATION_COMMENTS = YES;
				CLANG_WARN_EMPTY_BODY = YES;
				CLANG_WARN_ENUM_CONVERSION = YES;
				CLANG_WARN_INFINITE_RECURSION = YES;
				CLANG_WARN_INT_CONVERSION = YES;
				CLANG_WARN_OBJC_ROOT_CLASS = YES_ERROR;
				CLANG_WARN_SUSPICIOUS_MOVES = YES;
				CLANG_WARN_UNREACHABLE_CODE = YES;
				CLANG_WARN__DUPLICATE_METHOD_MATCH = YES;
				"CODE_SIGN_IDENTITY[sdk=iphoneos*]" = "iPhone Developer";
				COPY_PHASE_STRIP = NO;
				DEBUG_INFORMATION_FORMAT = "dwarf-with-dsym";
				ENABLE_NS_ASSERTIONS = NO;
				ENABLE_STRICT_OBJC_MSGSEND = YES;
				GCC_C_LANGUAGE_STANDARD = gnu99;
				GCC_NO_COMMON_BLOCKS = YES;
				GCC_WARN_64_TO_32_BIT_CONVERSION = YES;
				GCC_WARN_ABOUT_RETURN_TYPE = YES_ERROR;
				GCC_WARN_UNDECLARED_SELECTOR = YES;
				GCC_WARN_UNINITIALIZED_AUTOS = YES_AGGRESSIVE;
				GCC_WARN_UNUSED_FUNCTION = YES;
				GCC_WARN_UNUSED_VARIABLE = YES;
				IPHONEOS_DEPLOYMENT_TARGET = 10.0;
				MTL_ENABLE_DEBUG_INFO = NO;
				SDKROOT = iphoneos;
				VALIDATE_PRODUCT = YES;
			};
			name = Release;
		};
		BE8B04841E2F5AD3000B42E3 /* Debug */ = {
			isa = XCBuildConfiguration;
			buildSettings = {
				ASSETCATALOG_COMPILER_APPICON_NAME = AppIcon;
				INFOPLIST_FILE = CoreCorDemo/Info.plist;
				LD_RUNPATH_SEARCH_PATHS = "$(inherited) @executable_path/Frameworks";
				PRODUCT_BUNDLE_IDENTIFIER = com.jyk.CoreCorDemo;
				PRODUCT_NAME = "$(TARGET_NAME)";
			};
			name = Debug;
		};
		BE8B04851E2F5AD3000B42E3 /* Release */ = {
			isa = XCBuildConfiguration;
			buildSettings = {
				ASSETCATALOG_COMPILER_APPICON_NAME = AppIcon;
				INFOPLIST_FILE = CoreCorDemo/Info.plist;
				LD_RUNPATH_SEARCH_PATHS = "$(inherited) @executable_path/Frameworks";
				PRODUCT_BUNDLE_IDENTIFIER = com.jyk.CoreCorDemo;
				PRODUCT_NAME = "$(TARGET_NAME)";
			};
			name = Release;
		};
/* End XCBuildConfiguration section */

/* Begin XCConfigurationList section */
		BE8B04671E2F5AD3000B42E3 /* Build configuration list for PBXProject "CoreCorDemo" */ = {
			isa = XCConfigurationList;
			buildConfigurations = (
				BE8B04811E2F5AD3000B42E3 /* Debug */,
				BE8B04821E2F5AD3000B42E3 /* Release */,
			);
			defaultConfigurationIsVisible = 0;
			defaultConfigurationName = Release;
		};
		BE8B04831E2F5AD3000B42E3 /* Build configuration list for PBXNativeTarget "CoreCorDemo" */ = {
			isa = XCConfigurationList;
			buildConfigurations = (
				BE8B04841E2F5AD3000B42E3 /* Debug */,
				BE8B04851E2F5AD3000B42E3 /* Release */,
			);
			defaultConfigurationIsVisible = 0;
		};
/* End XCConfigurationList section */
	};
	rootObject = BE8B04641E2F5AD3000B42E3 /* Project object */;
}
